
Microsoft Visual Studio Solution File, Format Version 12.00
# Visual Studio Version 16
VisualStudioVersion = 16.0.35325.158
MinimumVisualStudioVersion = 10.0.40219.1
Project("{FAE04EC0-301F-11D3-BF4B-00C04F79EFBC}") = "Завдання 1", "Завдання 1\Завдання 1.csproj", "{0AB956C1-4468-4D7B-B7A7-07D78180412D}"
EndProject
Global
	GlobalSection(SolutionConfigurationPlatforms) = preSolution
		Debug|Any CPU = Debug|Any CPU
		Release|Any CPU = Release|Any CPU
	EndGlobalSection
	GlobalSection(ProjectConfigurationPlatforms) = postSolution
		{0AB956C1-4468-4D7B-B7A7-07D78180412D}.Debug|Any CPU.ActiveCfg = Debug|Any CPU
		{0AB956C1-4468-4D7B-B7A7-07D78180412D}.Debug|Any CPU.Build.0 = Debug|Any CPU
		{0AB956C1-4468-4D7B-B7A7-07D78180412D}.Release|Any CPU.ActiveCfg = Release|Any CPU
		{0AB956C1-4468-4D7B-B7A7-07D78180412D}.Release|Any CPU.Build.0 = Release|Any CPU
	EndGlobalSection
	GlobalSection(SolutionProperties) = preSolution
		HideSolutionNode = FALSE
	EndGlobalSection
	GlobalSection(ExtensibilityGlobals) = postSolution
		SolutionGuid = {531829D8-E4A2-4D42-98E7-2CC159B6BC08}
	EndGlobalSection
EndGlobal
